// !$*UTF8*$!
{
	archiveVersion = 1;
	classes = {
	};
	objectVersion = 50;
	objects = {

/* Begin PBXBuildFile section */
		941D0F57238356F600D33285 /* SignInWithApple.swift in Sources */ = {isa = PBXBuildFile; fileRef = 941D0F56238356F600D33285 /* SignInWithApple.swift */; };
		941D0F59238357DE00D33285 /* UserRegistrationViewController.swift in Sources */ = {isa = PBXBuildFile; fileRef = 941D0F58238357DE00D33285 /* UserRegistrationViewController.swift */; };
		941D0F5C2383667D00D33285 /* UserModel.xcdatamodeld in Sources */ = {isa = PBXBuildFile; fileRef = 941D0F5A2383667D00D33285 /* UserModel.xcdatamodeld */; };
		941D0F5F2383681F00D33285 /* User+CoreDataClass.swift in Sources */ = {isa = PBXBuildFile; fileRef = 941D0F5D2383681E00D33285 /* User+CoreDataClass.swift */; };
		941D0F602383681F00D33285 /* User+CoreDataProperties.swift in Sources */ = {isa = PBXBuildFile; fileRef = 941D0F5E2383681F00D33285 /* User+CoreDataProperties.swift */; };
		943B2A0A220382D500038A65 /* QuestionsTableViewCell.swift in Sources */ = {isa = PBXBuildFile; fileRef = 943B2A08220382D500038A65 /* QuestionsTableViewCell.swift */; };
		943B2A0B220382D500038A65 /* QuestionsTableViewCell.xib in Resources */ = {isa = PBXBuildFile; fileRef = 943B2A09220382D500038A65 /* QuestionsTableViewCell.xib */; };
		943B2A10220385B500038A65 /* Questions.swift in Sources */ = {isa = PBXBuildFile; fileRef = 943B2A0F220385B500038A65 /* Questions.swift */; };
		943B2A15220387A000038A65 /* ch4Questions.json in Resources */ = {isa = PBXBuildFile; fileRef = 943B2A14220387A000038A65 /* ch4Questions.json */; };
		943B2A1B2203A41E00038A65 /* ch5Questions.json in Resources */ = {isa = PBXBuildFile; fileRef = 943B2A1A2203A41E00038A65 /* ch5Questions.json */; };
		943B2A1F2203BCA400038A65 /* chxQuestions.json in Resources */ = {isa = PBXBuildFile; fileRef = 943B2A1E2203BCA300038A65 /* chxQuestions.json */; };
		943B2A212203BE1800038A65 /* ch7Questions.json in Resources */ = {isa = PBXBuildFile; fileRef = 943B2A202203BE1800038A65 /* ch7Questions.json */; };
		943B2A232203BE2700038A65 /* ch8Questions.json in Resources */ = {isa = PBXBuildFile; fileRef = 943B2A222203BE2700038A65 /* ch8Questions.json */; };
		943B2A252203BE3A00038A65 /* ch9Questions.json in Resources */ = {isa = PBXBuildFile; fileRef = 943B2A242203BE3A00038A65 /* ch9Questions.json */; };
		943B2A272203BE4700038A65 /* ch10Questions.json in Resources */ = {isa = PBXBuildFile; fileRef = 943B2A262203BE4700038A65 /* ch10Questions.json */; };
		943B2A292203BE5400038A65 /* ch11Questions.json in Resources */ = {isa = PBXBuildFile; fileRef = 943B2A282203BE5400038A65 /* ch11Questions.json */; };
		943B2A2B2203BE6800038A65 /* ch12Questions.json in Resources */ = {isa = PBXBuildFile; fileRef = 943B2A2A2203BE6800038A65 /* ch12Questions.json */; };
		943B2A2D2203BE7800038A65 /* ch13Questions.json in Resources */ = {isa = PBXBuildFile; fileRef = 943B2A2C2203BE7800038A65 /* ch13Questions.json */; };
		943B2A2F2203BE8500038A65 /* ch14Questions.json in Resources */ = {isa = PBXBuildFile; fileRef = 943B2A2E2203BE8500038A65 /* ch14Questions.json */; };
		943B2A312203BE9400038A65 /* ch6Questions.json in Resources */ = {isa = PBXBuildFile; fileRef = 943B2A302203BE9400038A65 /* ch6Questions.json */; };
		944905D023C54D410003F4F7 /* ch15Questions.json in Resources */ = {isa = PBXBuildFile; fileRef = 944905CF23C54D410003F4F7 /* ch15Questions.json */; };
		946676A021EE86D800A61966 /* AppDelegate.swift in Sources */ = {isa = PBXBuildFile; fileRef = 9466769F21EE86D800A61966 /* AppDelegate.swift */; };
		946676A521EE86D800A61966 /* Main.storyboard in Resources */ = {isa = PBXBuildFile; fileRef = 946676A321EE86D800A61966 /* Main.storyboard */; };
		946676A721EE86DC00A61966 /* Assets.xcassets in Resources */ = {isa = PBXBuildFile; fileRef = 946676A621EE86DC00A61966 /* Assets.xcassets */; };
		946676AA21EE86DC00A61966 /* LaunchScreen.storyboard in Resources */ = {isa = PBXBuildFile; fileRef = 946676A821EE86DC00A61966 /* LaunchScreen.storyboard */; };
		946676B221EE87A500A61966 /* ContentsTableViewController.swift in Sources */ = {isa = PBXBuildFile; fileRef = 946676B121EE87A500A61966 /* ContentsTableViewController.swift */; };
		94825F9E23FD82B7005885A7 /* Localizable.strings in Resources */ = {isa = PBXBuildFile; fileRef = 94825F9D23FD82B7005885A7 /* Localizable.strings */; };
		94A9ACDF25DF257F000C35BB /* QuestionStorage.swift in Sources */ = {isa = PBXBuildFile; fileRef = 94A9ACDE25DF257F000C35BB /* QuestionStorage.swift */; };
		94BBDCC62207523B00A1068E /* chx15Glossary.json in Resources */ = {isa = PBXBuildFile; fileRef = 94BBDCC52207523B00A1068E /* chx15Glossary.json */; };
		94BBDCC922075A1A00A1068E /* VocabularyTableViewCell.swift in Sources */ = {isa = PBXBuildFile; fileRef = 94BBDCC722075A1A00A1068E /* VocabularyTableViewCell.swift */; };
		94BBDCCA22075A1A00A1068E /* VocabularyTableViewCell.xib in Resources */ = {isa = PBXBuildFile; fileRef = 94BBDCC822075A1A00A1068E /* VocabularyTableViewCell.xib */; };
		94BBDCCC22075C7B00A1068E /* VocabularyTableViewController.swift in Sources */ = {isa = PBXBuildFile; fileRef = 94BBDCCB22075C7B00A1068E /* VocabularyTableViewController.swift */; };
		94F0F823271A2C180065C35B /* QuestionTableViewController.swift in Sources */ = {isa = PBXBuildFile; fileRef = 94F0F822271A2C180065C35B /* QuestionTableViewController.swift */; };
		94F0F827271A32810065C35B /* RootViewController.swift in Sources */ = {isa = PBXBuildFile; fileRef = 94F0F826271A32810065C35B /* RootViewController.swift */; };
		94F0F829271A39FD0065C35B /* ChapterViewController.swift in Sources */ = {isa = PBXBuildFile; fileRef = 94F0F828271A39FD0065C35B /* ChapterViewController.swift */; };
		94F0F82B271A43770065C35B /* ChapterText.swift in Sources */ = {isa = PBXBuildFile; fileRef = 94F0F82A271A43770065C35B /* ChapterText.swift */; };
/* End PBXBuildFile section */

/* Begin PBXFileReference section */
		941D0F56238356F600D33285 /* SignInWithApple.swift */ = {isa = PBXFileReference; lastKnownFileType = sourcecode.swift; path = SignInWithApple.swift; sourceTree = "<group>"; };
		941D0F58238357DE00D33285 /* UserRegistrationViewController.swift */ = {isa = PBXFileReference; lastKnownFileType = sourcecode.swift; path = UserRegistrationViewController.swift; sourceTree = "<group>"; };
		941D0F5B2383667D00D33285 /* UserModel.xcdatamodel */ = {isa = PBXFileReference; lastKnownFileType = wrapper.xcdatamodel; path = UserModel.xcdatamodel; sourceTree = "<group>"; };
		941D0F5D2383681E00D33285 /* User+CoreDataClass.swift */ = {isa = PBXFileReference; lastKnownFileType = sourcecode.swift; path = "User+CoreDataClass.swift"; sourceTree = SOURCE_ROOT; };
		941D0F5E2383681F00D33285 /* User+CoreDataProperties.swift */ = {isa = PBXFileReference; lastKnownFileType = sourcecode.swift; path = "User+CoreDataProperties.swift"; sourceTree = SOURCE_ROOT; };
		943B2A08220382D500038A65 /* QuestionsTableViewCell.swift */ = {isa = PBXFileReference; lastKnownFileType = sourcecode.swift; path = QuestionsTableViewCell.swift; sourceTree = "<group>"; };
		943B2A09220382D500038A65 /* QuestionsTableViewCell.xib */ = {isa = PBXFileReference; lastKnownFileType = file.xib; path = QuestionsTableViewCell.xib; sourceTree = "<group>"; };
		943B2A0F220385B500038A65 /* Questions.swift */ = {isa = PBXFileReference; lastKnownFileType = sourcecode.swift; path = Questions.swift; sourceTree = "<group>"; };
		943B2A14220387A000038A65 /* ch4Questions.json */ = {isa = PBXFileReference; fileEncoding = 4; lastKnownFileType = text.json; path = ch4Questions.json; sourceTree = "<group>"; };
		943B2A1A2203A41E00038A65 /* ch5Questions.json */ = {isa = PBXFileReference; fileEncoding = 4; lastKnownFileType = text.json; path = ch5Questions.json; sourceTree = "<group>"; };
		943B2A1E2203BCA300038A65 /* chxQuestions.json */ = {isa = PBXFileReference; fileEncoding = 4; lastKnownFileType = text.json; path = chxQuestions.json; sourceTree = "<group>"; };
		943B2A202203BE1800038A65 /* ch7Questions.json */ = {isa = PBXFileReference; fileEncoding = 4; lastKnownFileType = text.json; path = ch7Questions.json; sourceTree = "<group>"; };
		943B2A222203BE2700038A65 /* ch8Questions.json */ = {isa = PBXFileReference; fileEncoding = 4; lastKnownFileType = text.json; path = ch8Questions.json; sourceTree = "<group>"; };
		943B2A242203BE3A00038A65 /* ch9Questions.json */ = {isa = PBXFileReference; fileEncoding = 4; lastKnownFileType = text.json; path = ch9Questions.json; sourceTree = "<group>"; };
		943B2A262203BE4700038A65 /* ch10Questions.json */ = {isa = PBXFileReference; fileEncoding = 4; lastKnownFileType = text.json; path = ch10Questions.json; sourceTree = "<group>"; };
		943B2A282203BE5400038A65 /* ch11Questions.json */ = {isa = PBXFileReference; fileEncoding = 4; lastKnownFileType = text.json; path = ch11Questions.json; sourceTree = "<group>"; };
		943B2A2A2203BE6800038A65 /* ch12Questions.json */ = {isa = PBXFileReference; fileEncoding = 4; lastKnownFileType = text.json; path = ch12Questions.json; sourceTree = "<group>"; };
		943B2A2C2203BE7800038A65 /* ch13Questions.json */ = {isa = PBXFileReference; fileEncoding = 4; lastKnownFileType = text.json; path = ch13Questions.json; sourceTree = "<group>"; };
		943B2A2E2203BE8500038A65 /* ch14Questions.json */ = {isa = PBXFileReference; fileEncoding = 4; lastKnownFileType = text.json; path = ch14Questions.json; sourceTree = "<group>"; };
		943B2A302203BE9400038A65 /* ch6Questions.json */ = {isa = PBXFileReference; fileEncoding = 4; lastKnownFileType = text.json; path = ch6Questions.json; sourceTree = "<group>"; };
		944905CF23C54D410003F4F7 /* ch15Questions.json */ = {isa = PBXFileReference; fileEncoding = 4; lastKnownFileType = text.json; path = ch15Questions.json; sourceTree = "<group>"; };
		9466769C21EE86D800A61966 /* EYNTA.app */ = {isa = PBXFileReference; explicitFileType = wrapper.application; includeInIndex = 0; path = EYNTA.app; sourceTree = BUILT_PRODUCTS_DIR; };
		9466769F21EE86D800A61966 /* AppDelegate.swift */ = {isa = PBXFileReference; lastKnownFileType = sourcecode.swift; path = AppDelegate.swift; sourceTree = "<group>"; };
		946676A421EE86D800A61966 /* Base */ = {isa = PBXFileReference; lastKnownFileType = file.storyboard; name = Base; path = Base.lproj/Main.storyboard; sourceTree = "<group>"; };
		946676A621EE86DC00A61966 /* Assets.xcassets */ = {isa = PBXFileReference; lastKnownFileType = folder.assetcatalog; path = Assets.xcassets; sourceTree = "<group>"; };
		946676A921EE86DC00A61966 /* Base */ = {isa = PBXFileReference; lastKnownFileType = file.storyboard; name = Base; path = Base.lproj/LaunchScreen.storyboard; sourceTree = "<group>"; };
		946676AB21EE86DC00A61966 /* Info.plist */ = {isa = PBXFileReference; lastKnownFileType = text.plist.xml; path = Info.plist; sourceTree = "<group>"; };
		946676B121EE87A500A61966 /* ContentsTableViewController.swift */ = {isa = PBXFileReference; lastKnownFileType = sourcecode.swift; path = ContentsTableViewController.swift; sourceTree = "<group>"; };
		94825F9B23FD7F6E005885A7 /* es-419 */ = {isa = PBXFileReference; lastKnownFileType = text.plist.strings; name = "es-419"; path = "es-419.lproj/LaunchScreen.strings"; sourceTree = "<group>"; };
		94825F9C23FD7F6E005885A7 /* es-419 */ = {isa = PBXFileReference; lastKnownFileType = text.plist.strings; name = "es-419"; path = "es-419.lproj/Main.strings"; sourceTree = "<group>"; };
		94825F9D23FD82B7005885A7 /* Localizable.strings */ = {isa = PBXFileReference; lastKnownFileType = text.plist.strings; path = Localizable.strings; sourceTree = "<group>"; };
		94A9ACDE25DF257F000C35BB /* QuestionStorage.swift */ = {isa = PBXFileReference; lastKnownFileType = sourcecode.swift; path = QuestionStorage.swift; sourceTree = "<group>"; };
		94BBDCC52207523B00A1068E /* chx15Glossary.json */ = {isa = PBXFileReference; fileEncoding = 4; lastKnownFileType = text.json; path = chx15Glossary.json; sourceTree = "<group>"; };
		94BBDCC722075A1A00A1068E /* VocabularyTableViewCell.swift */ = {isa = PBXFileReference; lastKnownFileType = sourcecode.swift; path = VocabularyTableViewCell.swift; sourceTree = "<group>"; };
		94BBDCC822075A1A00A1068E /* VocabularyTableViewCell.xib */ = {isa = PBXFileReference; lastKnownFileType = file.xib; path = VocabularyTableViewCell.xib; sourceTree = "<group>"; };
		94BBDCCB22075C7B00A1068E /* VocabularyTableViewController.swift */ = {isa = PBXFileReference; lastKnownFileType = sourcecode.swift; path = VocabularyTableViewController.swift; sourceTree = "<group>"; };
		94F0F822271A2C180065C35B /* QuestionTableViewController.swift */ = {isa = PBXFileReference; lastKnownFileType = sourcecode.swift; path = QuestionTableViewController.swift; sourceTree = "<group>"; };
		94F0F826271A32810065C35B /* RootViewController.swift */ = {isa = PBXFileReference; lastKnownFileType = sourcecode.swift; path = RootViewController.swift; sourceTree = "<group>"; };
		94F0F828271A39FD0065C35B /* ChapterViewController.swift */ = {isa = PBXFileReference; lastKnownFileType = sourcecode.swift; path = ChapterViewController.swift; sourceTree = "<group>"; };
		94F0F82A271A43770065C35B /* ChapterText.swift */ = {isa = PBXFileReference; lastKnownFileType = sourcecode.swift; path = ChapterText.swift; sourceTree = "<group>"; };
/* End PBXFileReference section */

/* Begin PBXFrameworksBuildPhase section */
		9466769921EE86D800A61966 /* Frameworks */ = {
			isa = PBXFrameworksBuildPhase;
			buildActionMask = 2147483647;
			files = (
			);
			runOnlyForDeploymentPostprocessing = 0;
		};
/* End PBXFrameworksBuildPhase section */

/* Begin PBXGroup section */
		943B2A0D2203850B00038A65 /* View */ = {
			isa = PBXGroup;
			children = (
				946676A821EE86DC00A61966 /* LaunchScreen.storyboard */,
				946676A321EE86D800A61966 /* Main.storyboard */,
				943B2A08220382D500038A65 /* QuestionsTableViewCell.swift */,
				943B2A09220382D500038A65 /* QuestionsTableViewCell.xib */,
				94BBDCC722075A1A00A1068E /* VocabularyTableViewCell.swift */,
				94BBDCC822075A1A00A1068E /* VocabularyTableViewCell.xib */,
			);
			path = View;
			sourceTree = "<group>";
		};
		943B2A0E2203858000038A65 /* View Controllers */ = {
			isa = PBXGroup;
			children = (
				946676B121EE87A500A61966 /* ContentsTableViewController.swift */,
				94F0F828271A39FD0065C35B /* ChapterViewController.swift */,
				94BBDCCB22075C7B00A1068E /* VocabularyTableViewController.swift */,
				941D0F56238356F600D33285 /* SignInWithApple.swift */,
				941D0F58238357DE00D33285 /* UserRegistrationViewController.swift */,
				94F0F822271A2C180065C35B /* QuestionTableViewController.swift */,
				94F0F826271A32810065C35B /* RootViewController.swift */,
			);
			path = "View Controllers";
			sourceTree = "<group>";
		};
		943B2A11220385C000038A65 /* Model */ = {
			isa = PBXGroup;
			children = (
				941D0F5D2383681E00D33285 /* User+CoreDataClass.swift */,
				941D0F5E2383681F00D33285 /* User+CoreDataProperties.swift */,
				941D0F5A2383667D00D33285 /* UserModel.xcdatamodeld */,
				943B2A0F220385B500038A65 /* Questions.swift */,
				94F0F82A271A43770065C35B /* ChapterText.swift */,
				943B2A14220387A000038A65 /* ch4Questions.json */,
				943B2A1A2203A41E00038A65 /* ch5Questions.json */,
				943B2A302203BE9400038A65 /* ch6Questions.json */,
				943B2A202203BE1800038A65 /* ch7Questions.json */,
				943B2A222203BE2700038A65 /* ch8Questions.json */,
				943B2A242203BE3A00038A65 /* ch9Questions.json */,
				943B2A262203BE4700038A65 /* ch10Questions.json */,
				943B2A282203BE5400038A65 /* ch11Questions.json */,
				943B2A2A2203BE6800038A65 /* ch12Questions.json */,
				943B2A2C2203BE7800038A65 /* ch13Questions.json */,
				943B2A2E2203BE8500038A65 /* ch14Questions.json */,
				944905CF23C54D410003F4F7 /* ch15Questions.json */,
				94BBDCC52207523B00A1068E /* chx15Glossary.json */,
				943B2A1E2203BCA300038A65 /* chxQuestions.json */,
			);
			path = Model;
			sourceTree = "<group>";
		};
		9466769321EE86D800A61966 = {
			isa = PBXGroup;
			children = (
				94825F9D23FD82B7005885A7 /* Localizable.strings */,
				9466769E21EE86D800A61966 /* EYNTA */,
				9466769D21EE86D800A61966 /* Products */,
			);
			sourceTree = "<group>";
		};
		9466769D21EE86D800A61966 /* Products */ = {
			isa = PBXGroup;
			children = (
				9466769C21EE86D800A61966 /* EYNTA.app */,
			);
			name = Products;
			sourceTree = "<group>";
		};
		9466769E21EE86D800A61966 /* EYNTA */ = {
			isa = PBXGroup;
			children = (
				94A9ACDD25DF2569000C35BB /* DataLayer */,
				9466769F21EE86D800A61966 /* AppDelegate.swift */,
				943B2A0E2203858000038A65 /* View Controllers */,
				943B2A11220385C000038A65 /* Model */,
				943B2A0D2203850B00038A65 /* View */,
				946676A621EE86DC00A61966 /* Assets.xcassets */,
				946676AB21EE86DC00A61966 /* Info.plist */,
			);
			path = EYNTA;
			sourceTree = "<group>";
		};
		94A9ACDD25DF2569000C35BB /* DataLayer */ = {
			isa = PBXGroup;
			children = (
				94A9ACDE25DF257F000C35BB /* QuestionStorage.swift */,
			);
			path = DataLayer;
			sourceTree = "<group>";
		};
/* End PBXGroup section */

/* Begin PBXNativeTarget section */
		9466769B21EE86D800A61966 /* EYNTA */ = {
			isa = PBXNativeTarget;
			buildConfigurationList = 946676AE21EE86DC00A61966 /* Build configuration list for PBXNativeTarget "EYNTA" */;
			buildPhases = (
				9466769821EE86D800A61966 /* Sources */,
				9466769921EE86D800A61966 /* Frameworks */,
				9466769A21EE86D800A61966 /* Resources */,
			);
			buildRules = (
			);
			dependencies = (
			);
			name = EYNTA;
			productName = EYNTA;
			productReference = 9466769C21EE86D800A61966 /* EYNTA.app */;
			productType = "com.apple.product-type.application";
		};
/* End PBXNativeTarget section */

/* Begin PBXProject section */
		9466769421EE86D800A61966 /* Project object */ = {
			isa = PBXProject;
			attributes = {
				LastSwiftUpdateCheck = 1010;
				LastUpgradeCheck = 1240;
				ORGANIZATIONNAME = "James Slusser";
				TargetAttributes = {
					9466769B21EE86D800A61966 = {
						CreatedOnToolsVersion = 10.1;
						LastSwiftMigration = 1120;
					};
				};
			};
			buildConfigurationList = 9466769721EE86D800A61966 /* Build configuration list for PBXProject "EYNTA" */;
			compatibilityVersion = "Xcode 9.3";
			developmentRegion = en;
			hasScannedForEncodings = 0;
			knownRegions = (
				en,
				Base,
				"es-419",
			);
			mainGroup = 9466769321EE86D800A61966;
			productRefGroup = 9466769D21EE86D800A61966 /* Products */;
			projectDirPath = "";
			projectRoot = "";
			targets = (
				9466769B21EE86D800A61966 /* EYNTA */,
			);
		};
/* End PBXProject section */

/* Begin PBXResourcesBuildPhase section */
		9466769A21EE86D800A61966 /* Resources */ = {
			isa = PBXResourcesBuildPhase;
			buildActionMask = 2147483647;
			files = (
				943B2A2D2203BE7800038A65 /* ch13Questions.json in Resources */,
				943B2A252203BE3A00038A65 /* ch9Questions.json in Resources */,
				943B2A2B2203BE6800038A65 /* ch12Questions.json in Resources */,
				943B2A232203BE2700038A65 /* ch8Questions.json in Resources */,
				943B2A292203BE5400038A65 /* ch11Questions.json in Resources */,
				94825F9E23FD82B7005885A7 /* Localizable.strings in Resources */,
				943B2A312203BE9400038A65 /* ch6Questions.json in Resources */,
				946676AA21EE86DC00A61966 /* LaunchScreen.storyboard in Resources */,
				944905D023C54D410003F4F7 /* ch15Questions.json in Resources */,
				94BBDCCA22075A1A00A1068E /* VocabularyTableViewCell.xib in Resources */,
				94BBDCC62207523B00A1068E /* chx15Glossary.json in Resources */,
				943B2A1F2203BCA400038A65 /* chxQuestions.json in Resources */,
				943B2A0B220382D500038A65 /* QuestionsTableViewCell.xib in Resources */,
				943B2A2F2203BE8500038A65 /* ch14Questions.json in Resources */,
				946676A721EE86DC00A61966 /* Assets.xcassets in Resources */,
				943B2A272203BE4700038A65 /* ch10Questions.json in Resources */,
				946676A521EE86D800A61966 /* Main.storyboard in Resources */,
				943B2A1B2203A41E00038A65 /* ch5Questions.json in Resources */,
				943B2A212203BE1800038A65 /* ch7Questions.json in Resources */,
				943B2A15220387A000038A65 /* ch4Questions.json in Resources */,
			);
			runOnlyForDeploymentPostprocessing = 0;
		};
/* End PBXResourcesBuildPhase section */

/* Begin PBXSourcesBuildPhase section */
		9466769821EE86D800A61966 /* Sources */ = {
			isa = PBXSourcesBuildPhase;
			buildActionMask = 2147483647;
			files = (
				941D0F59238357DE00D33285 /* UserRegistrationViewController.swift in Sources */,
				94F0F823271A2C180065C35B /* QuestionTableViewController.swift in Sources */,
				946676A021EE86D800A61966 /* AppDelegate.swift in Sources */,
				943B2A0A220382D500038A65 /* QuestionsTableViewCell.swift in Sources */,
				94F0F829271A39FD0065C35B /* ChapterViewController.swift in Sources */,
				943B2A10220385B500038A65 /* Questions.swift in Sources */,
				941D0F5C2383667D00D33285 /* UserModel.xcdatamodeld in Sources */,
				94BBDCC922075A1A00A1068E /* VocabularyTableViewCell.swift in Sources */,
				94F0F82B271A43770065C35B /* ChapterText.swift in Sources */,
				94BBDCCC22075C7B00A1068E /* VocabularyTableViewController.swift in Sources */,
				941D0F57238356F600D33285 /* SignInWithApple.swift in Sources */,
				946676B221EE87A500A61966 /* ContentsTableViewController.swift in Sources */,
				94F0F827271A32810065C35B /* RootViewController.swift in Sources */,
				941D0F602383681F00D33285 /* User+CoreDataProperties.swift in Sources */,
				94A9ACDF25DF257F000C35BB /* QuestionStorage.swift in Sources */,
				941D0F5F2383681F00D33285 /* User+CoreDataClass.swift in Sources */,
			);
			runOnlyForDeploymentPostprocessing = 0;
		};
/* End PBXSourcesBuildPhase section */

/* Begin PBXVariantGroup section */
		946676A321EE86D800A61966 /* Main.storyboard */ = {
			isa = PBXVariantGroup;
			children = (
				946676A421EE86D800A61966 /* Base */,
				94825F9C23FD7F6E005885A7 /* es-419 */,
			);
			name = Main.storyboard;
			sourceTree = "<group>";
		};
		946676A821EE86DC00A61966 /* LaunchScreen.storyboard */ = {
			isa = PBXVariantGroup;
			children = (
				946676A921EE86DC00A61966 /* Base */,
				94825F9B23FD7F6E005885A7 /* es-419 */,
			);
			name = LaunchScreen.storyboard;
			sourceTree = "<group>";
		};
/* End PBXVariantGroup section */

/* Begin XCBuildConfiguration section */
		946676AC21EE86DC00A61966 /* Debug */ = {
			isa = XCBuildConfiguration;
			buildSettings = {
				ALWAYS_SEARCH_USER_PATHS = NO;
				CLANG_ANALYZER_LOCALIZABILITY_NONLOCALIZED = YES;
				CLANG_ANALYZER_NONNULL = YES;
				CLANG_ANALYZER_NUMBER_OBJECT_CONVERSION = YES_AGGRESSIVE;
				CLANG_CXX_LANGUAGE_STANDARD = "gnu++14";
				CLANG_CXX_LIBRARY = "libc++";
				CLANG_ENABLE_MODULES = YES;
				CLANG_ENABLE_OBJC_ARC = YES;
				CLANG_ENABLE_OBJC_WEAK = YES;
				CLANG_WARN_BLOCK_CAPTURE_AUTORELEASING = YES;
				CLANG_WARN_BOOL_CONVERSION = YES;
				CLANG_WARN_COMMA = YES;
				CLANG_WARN_CONSTANT_CONVERSION = YES;
				CLANG_WARN_DEPRECATED_OBJC_IMPLEMENTATIONS = YES;
				CLANG_WARN_DIRECT_OBJC_ISA_USAGE = YES_ERROR;
				CLANG_WARN_DOCUMENTATION_COMMENTS = YES;
				CLANG_WARN_EMPTY_BODY = YES;
				CLANG_WARN_ENUM_CONVERSION = YES;
				CLANG_WARN_INFINITE_RECURSION = YES;
				CLANG_WARN_INT_CONVERSION = YES;
				CLANG_WARN_NON_LITERAL_NULL_CONVERSION = YES;
				CLANG_WARN_OBJC_IMPLICIT_RETAIN_SELF = YES;
				CLANG_WARN_OBJC_LITERAL_CONVERSION = YES;
				CLANG_WARN_OBJC_ROOT_CLASS = YES_ERROR;
				CLANG_WARN_QUOTED_INCLUDE_IN_FRAMEWORK_HEADER = YES;
				CLANG_WARN_RANGE_LOOP_ANALYSIS = YES;
				CLANG_WARN_STRICT_PROTOTYPES = YES;
				CLANG_WARN_SUSPICIOUS_MOVE = YES;
				CLANG_WARN_UNGUARDED_AVAILABILITY = YES_AGGRESSIVE;
				CLANG_WARN_UNREACHABLE_CODE = YES;
				CLANG_WARN__DUPLICATE_METHOD_MATCH = YES;
				CODE_SIGN_IDENTITY = "iPhone Developer";
				COPY_PHASE_STRIP = NO;
				DEBUG_INFORMATION_FORMAT = dwarf;
				ENABLE_STRICT_OBJC_MSGSEND = YES;
				ENABLE_TESTABILITY = YES;
				GCC_C_LANGUAGE_STANDARD = gnu11;
				GCC_DYNAMIC_NO_PIC = NO;
				GCC_NO_COMMON_BLOCKS = YES;
				GCC_OPTIMIZATION_LEVEL = 0;
				GCC_PREPROCESSOR_DEFINITIONS = (
					"DEBUG=1",
					"$(inherited)",
				);
				GCC_WARN_64_TO_32_BIT_CONVERSION = YES;
				GCC_WARN_ABOUT_RETURN_TYPE = YES_ERROR;
				GCC_WARN_UNDECLARED_SELECTOR = YES;
				GCC_WARN_UNINITIALIZED_AUTOS = YES_AGGRESSIVE;
				GCC_WARN_UNUSED_FUNCTION = YES;
				GCC_WARN_UNUSED_VARIABLE = YES;
				IPHONEOS_DEPLOYMENT_TARGET = 15.0;
				MTL_ENABLE_DEBUG_INFO = INCLUDE_SOURCE;
				MTL_FAST_MATH = YES;
				ONLY_ACTIVE_ARCH = YES;
				SDKROOT = iphoneos;
				SWIFT_ACTIVE_COMPILATION_CONDITIONS = DEBUG;
				SWIFT_OPTIMIZATION_LEVEL = "-Onone";
			};
			name = Debug;
		};
		946676AD21EE86DC00A61966 /* Release */ = {
			isa = XCBuildConfiguration;
			buildSettings = {
				ALWAYS_SEARCH_USER_PATHS = NO;
				CLANG_ANALYZER_LOCALIZABILITY_NONLOCALIZED = YES;
				CLANG_ANALYZER_NONNULL = YES;
				CLANG_ANALYZER_NUMBER_OBJECT_CONVERSION = YES_AGGRESSIVE;
				CLANG_CXX_LANGUAGE_STANDARD = "gnu++14";
				CLANG_CXX_LIBRARY = "libc++";
				CLANG_ENABLE_MODULES = YES;
				CLANG_ENABLE_OBJC_ARC = YES;
				CLANG_ENABLE_OBJC_WEAK = YES;
				CLANG_WARN_BLOCK_CAPTURE_AUTORELEASING = YES;
				CLANG_WARN_BOOL_CONVERSION = YES;
				CLANG_WARN_COMMA = YES;
				CLANG_WARN_CONSTANT_CONVERSION = YES;
				CLANG_WARN_DEPRECATED_OBJC_IMPLEMENTATIONS = YES;
				CLANG_WARN_DIRECT_OBJC_ISA_USAGE = YES_ERROR;
				CLANG_WARN_DOCUMENTATION_COMMENTS = YES;
				CLANG_WARN_EMPTY_BODY = YES;
				CLANG_WARN_ENUM_CONVERSION = YES;
				CLANG_WARN_INFINITE_RECURSION = YES;
				CLANG_WARN_INT_CONVERSION = YES;
				CLANG_WARN_NON_LITERAL_NULL_CONVERSION = YES;
				CLANG_WARN_OBJC_IMPLICIT_RETAIN_SELF = YES;
				CLANG_WARN_OBJC_LITERAL_CONVERSION = YES;
				CLANG_WARN_OBJC_ROOT_CLASS = YES_ERROR;
				CLANG_WARN_QUOTED_INCLUDE_IN_FRAMEWORK_HEADER = YES;
				CLANG_WARN_RANGE_LOOP_ANALYSIS = YES;
				CLANG_WARN_STRICT_PROTOTYPES = YES;
				CLANG_WARN_SUSPICIOUS_MOVE = YES;
				CLANG_WARN_UNGUARDED_AVAILABILITY = YES_AGGRESSIVE;
				CLANG_WARN_UNREACHABLE_CODE = YES;
				CLANG_WARN__DUPLICATE_METHOD_MATCH = YES;
				CODE_SIGN_IDENTITY = "iPhone Developer";
				COPY_PHASE_STRIP = NO;
				DEBUG_INFORMATION_FORMAT = "dwarf-with-dsym";
				ENABLE_NS_ASSERTIONS = NO;
				ENABLE_STRICT_OBJC_MSGSEND = YES;
				GCC_C_LANGUAGE_STANDARD = gnu11;
				GCC_NO_COMMON_BLOCKS = YES;
				GCC_WARN_64_TO_32_BIT_CONVERSION = YES;
				GCC_WARN_ABOUT_RETURN_TYPE = YES_ERROR;
				GCC_WARN_UNDECLARED_SELECTOR = YES;
				GCC_WARN_UNINITIALIZED_AUTOS = YES_AGGRESSIVE;
				GCC_WARN_UNUSED_FUNCTION = YES;
				GCC_WARN_UNUSED_VARIABLE = YES;
				IPHONEOS_DEPLOYMENT_TARGET = 15.0;
				MTL_ENABLE_DEBUG_INFO = NO;
				MTL_FAST_MATH = YES;
				SDKROOT = iphoneos;
				SWIFT_COMPILATION_MODE = wholemodule;
				SWIFT_OPTIMIZATION_LEVEL = "-O";
				VALIDATE_PRODUCT = YES;
			};
			name = Release;
		};
		946676AF21EE86DC00A61966 /* Debug */ = {
			isa = XCBuildConfiguration;
			buildSettings = {
				ASSETCATALOG_COMPILER_APPICON_NAME = AppIcon;
				CODE_SIGN_STYLE = Automatic;
				CURRENT_PROJECT_VERSION = 1.7;
				DEVELOPMENT_TEAM = K373EY5YU9;
				INFOPLIST_FILE = EYNTA/Info.plist;
				IPHONEOS_DEPLOYMENT_TARGET = 14.4;
				LD_RUNPATH_SEARCH_PATHS = (
					"$(inherited)",
					"@executable_path/Frameworks",
				);
				MARKETING_VERSION = 0.1;
				PRODUCT_BUNDLE_IDENTIFIER = co.kurkuma.EYNTA;
				PRODUCT_NAME = "$(TARGET_NAME)";
				SWIFT_VERSION = 5.0;
				TARGETED_DEVICE_FAMILY = "1,2";
			};
			name = Debug;
		};
		946676B021EE86DC00A61966 /* Release */ = {
			isa = XCBuildConfiguration;
			buildSettings = {
				ASSETCATALOG_COMPILER_APPICON_NAME = AppIcon;
				CODE_SIGN_STYLE = Automatic;
				CURRENT_PROJECT_VERSION = 1.7;
				DEVELOPMENT_TEAM = K373EY5YU9;
				INFOPLIST_FILE = EYNTA/Info.plist;
				IPHONEOS_DEPLOYMENT_TARGET = 14.4;
				LD_RUNPATH_SEARCH_PATHS = (
					"$(inherited)",
					"@executable_path/Frameworks",
				);
				MARKETING_VERSION = 0.1;
				PRODUCT_BUNDLE_IDENTIFIER = co.kurkuma.EYNTA;
				PRODUCT_NAME = "$(TARGET_NAME)";
				SWIFT_VERSION = 5.0;
				TARGETED_DEVICE_FAMILY = "1,2";
			};
			name = Release;
		};
/* End XCBuildConfiguration section */

/* Begin XCConfigurationList section */
		9466769721EE86D800A61966 /* Build configuration list for PBXProject "EYNTA" */ = {
			isa = XCConfigurationList;
			buildConfigurations = (
				946676AC21EE86DC00A61966 /* Debug */,
				946676AD21EE86DC00A61966 /* Release */,
			);
			defaultConfigurationIsVisible = 0;
			defaultConfigurationName = Release;
		};
		946676AE21EE86DC00A61966 /* Build configuration list for PBXNativeTarget "EYNTA" */ = {
			isa = XCConfigurationList;
			buildConfigurations = (
				946676AF21EE86DC00A61966 /* Debug */,
				946676B021EE86DC00A61966 /* Release */,
			);
			defaultConfigurationIsVisible = 0;
			defaultConfigurationName = Release;
		};
/* End XCConfigurationList section */

/* Begin XCVersionGroup section */
		941D0F5A2383667D00D33285 /* UserModel.xcdatamodeld */ = {
			isa = XCVersionGroup;
			children = (
				941D0F5B2383667D00D33285 /* UserModel.xcdatamodel */,
			);
			currentVersion = 941D0F5B2383667D00D33285 /* UserModel.xcdatamodel */;
			path = UserModel.xcdatamodeld;
			sourceTree = "<group>";
			versionGroupType = wrapper.xcdatamodel;
		};
/* End XCVersionGroup section */
	};
	rootObject = 9466769421EE86D800A61966 /* Project object */;
}
